// !$*UTF8*$!
{
	archiveVersion = 1;
	classes = {
	};
	objectVersion = 50;
	objects = {

/* Begin PBXBuildFile section */
		3A8ACED42549554B006EE502 /* FRAMEWORK.framework in Frameworks */ = {isa = PBXBuildFile; fileRef = 3A8ACED225495545006EE502 /* FRAMEWORK.framework */; };
		3A8ACED52549554B006EE502 /* FRAMEWORK.framework in Embed Frameworks */ = {isa = PBXBuildFile; fileRef = 3A8ACED225495545006EE502 /* FRAMEWORK.framework */; settings = {ATTRIBUTES = (CodeSignOnCopy, RemoveHeadersOnCopy, ); }; };
		3AF107BF25493241007876F3 /* AppDelegate.swift in Sources */ = {isa = PBXBuildFile; fileRef = 3AF107BE25493241007876F3 /* AppDelegate.swift */; };
		3AF107C125493241007876F3 /* SceneDelegate.swift in Sources */ = {isa = PBXBuildFile; fileRef = 3AF107C025493241007876F3 /* SceneDelegate.swift */; };
		3AF107C325493241007876F3 /* ViewController.swift in Sources */ = {isa = PBXBuildFile; fileRef = 3AF107C225493241007876F3 /* ViewController.swift */; };
		3AF107C625493241007876F3 /* Main.storyboard in Resources */ = {isa = PBXBuildFile; fileRef = 3AF107C425493241007876F3 /* Main.storyboard */; };
		3AF107C825493244007876F3 /* Assets.xcassets in Resources */ = {isa = PBXBuildFile; fileRef = 3AF107C725493244007876F3 /* Assets.xcassets */; };
		3AF107CB25493244007876F3 /* LaunchScreen.storyboard in Resources */ = {isa = PBXBuildFile; fileRef = 3AF107C925493244007876F3 /* LaunchScreen.storyboard */; };
		3AF107D625493245007876F3 /* SawoTestAppTests.swift in Sources */ = {isa = PBXBuildFile; fileRef = 3AF107D525493245007876F3 /* SawoTestAppTests.swift */; };
		3AF107E125493245007876F3 /* SawoTestAppUITests.swift in Sources */ = {isa = PBXBuildFile; fileRef = 3AF107E025493245007876F3 /* SawoTestAppUITests.swift */; };
/* End PBXBuildFile section */

/* Begin PBXContainerItemProxy section */
		3AF107D225493245007876F3 /* PBXContainerItemProxy */ = {
			isa = PBXContainerItemProxy;
			containerPortal = 3AF107B325493241007876F3 /* Project object */;
			proxyType = 1;
			remoteGlobalIDString = 3AF107BA25493241007876F3;
			remoteInfo = SawoTestApp;
		};
		3AF107DD25493245007876F3 /* PBXContainerItemProxy */ = {
			isa = PBXContainerItemProxy;
			containerPortal = 3AF107B325493241007876F3 /* Project object */;
			proxyType = 1;
			remoteGlobalIDString = 3AF107BA25493241007876F3;
			remoteInfo = SawoTestApp;
		};
/* End PBXContainerItemProxy section */

/* Begin PBXCopyFilesBuildPhase section */
		3AF107FE254935C1007876F3 /* Embed Frameworks */ = {
			isa = PBXCopyFilesBuildPhase;
			buildActionMask = 2147483647;
			dstPath = "";
			dstSubfolderSpec = 10;
			files = (
				3A8ACED52549554B006EE502 /* FRAMEWORK.framework in Embed Frameworks */,
			);
			name = "Embed Frameworks";
			runOnlyForDeploymentPostprocessing = 0;
		};
/* End PBXCopyFilesBuildPhase section */

/* Begin PBXFileReference section */
		3A8ACED225495545006EE502 /* FRAMEWORK.framework */ = {isa = PBXFileReference; lastKnownFileType = wrapper.framework; name = FRAMEWORK.framework; path = "../../../Library/Developer/Xcode/DerivedData/FRAMEWORK-bbfuulklbmwkyogzeegkqwevffel/Build/Products/Debug-iphonesimulator/FRAMEWORK.framework"; sourceTree = "<group>"; };
		3AF107BB25493241007876F3 /* SawoTestApp.app */ = {isa = PBXFileReference; explicitFileType = wrapper.application; includeInIndex = 0; path = SawoTestApp.app; sourceTree = BUILT_PRODUCTS_DIR; };
		3AF107BE25493241007876F3 /* AppDelegate.swift */ = {isa = PBXFileReference; lastKnownFileType = sourcecode.swift; path = AppDelegate.swift; sourceTree = "<group>"; };
		3AF107C025493241007876F3 /* SceneDelegate.swift */ = {isa = PBXFileReference; lastKnownFileType = sourcecode.swift; path = SceneDelegate.swift; sourceTree = "<group>"; };
		3AF107C225493241007876F3 /* ViewController.swift */ = {isa = PBXFileReference; lastKnownFileType = sourcecode.swift; path = ViewController.swift; sourceTree = "<group>"; };
		3AF107C525493241007876F3 /* Base */ = {isa = PBXFileReference; lastKnownFileType = file.storyboard; name = Base; path = Base.lproj/Main.storyboard; sourceTree = "<group>"; };
		3AF107C725493244007876F3 /* Assets.xcassets */ = {isa = PBXFileReference; lastKnownFileType = folder.assetcatalog; path = Assets.xcassets; sourceTree = "<group>"; };
		3AF107CA25493244007876F3 /* Base */ = {isa = PBXFileReference; lastKnownFileType = file.storyboard; name = Base; path = Base.lproj/LaunchScreen.storyboard; sourceTree = "<group>"; };
		3AF107CC25493244007876F3 /* Info.plist */ = {isa = PBXFileReference; lastKnownFileType = text.plist.xml; path = Info.plist; sourceTree = "<group>"; };
		3AF107D125493245007876F3 /* SawoTestAppTests.xctest */ = {isa = PBXFileReference; explicitFileType = wrapper.cfbundle; includeInIndex = 0; path = SawoTestAppTests.xctest; sourceTree = BUILT_PRODUCTS_DIR; };
		3AF107D525493245007876F3 /* SawoTestAppTests.swift */ = {isa = PBXFileReference; lastKnownFileType = sourcecode.swift; path = SawoTestAppTests.swift; sourceTree = "<group>"; };
		3AF107D725493245007876F3 /* Info.plist */ = {isa = PBXFileReference; lastKnownFileType = text.plist.xml; path = Info.plist; sourceTree = "<group>"; };
		3AF107DC25493245007876F3 /* SawoTestAppUITests.xctest */ = {isa = PBXFileReference; explicitFileType = wrapper.cfbundle; includeInIndex = 0; path = SawoTestAppUITests.xctest; sourceTree = BUILT_PRODUCTS_DIR; };
		3AF107E025493245007876F3 /* SawoTestAppUITests.swift */ = {isa = PBXFileReference; lastKnownFileType = sourcecode.swift; path = SawoTestAppUITests.swift; sourceTree = "<group>"; };
		3AF107E225493245007876F3 /* Info.plist */ = {isa = PBXFileReference; lastKnownFileType = text.plist.xml; path = Info.plist; sourceTree = "<group>"; };
/* End PBXFileReference section */

/* Begin PBXFrameworksBuildPhase section */
		3AF107B825493241007876F3 /* Frameworks */ = {
			isa = PBXFrameworksBuildPhase;
			buildActionMask = 2147483647;
			files = (
				3A8ACED42549554B006EE502 /* FRAMEWORK.framework in Frameworks */,
			);
			runOnlyForDeploymentPostprocessing = 0;
		};
		3AF107CE25493245007876F3 /* Frameworks */ = {
			isa = PBXFrameworksBuildPhase;
			buildActionMask = 2147483647;
			files = (
			);
			runOnlyForDeploymentPostprocessing = 0;
		};
		3AF107D925493245007876F3 /* Frameworks */ = {
			isa = PBXFrameworksBuildPhase;
			buildActionMask = 2147483647;
			files = (
			);
			runOnlyForDeploymentPostprocessing = 0;
		};
/* End PBXFrameworksBuildPhase section */

/* Begin PBXGroup section */
		3AF107B225493241007876F3 = {
			isa = PBXGroup;
			children = (
				3AF107BD25493241007876F3 /* SawoTestApp */,
				3AF107D425493245007876F3 /* SawoTestAppTests */,
				3AF107DF25493245007876F3 /* SawoTestAppUITests */,
				3AF107BC25493241007876F3 /* Products */,
			);
			sourceTree = "<group>";
		};
		3AF107BC25493241007876F3 /* Products */ = {
			isa = PBXGroup;
			children = (
				3AF107BB25493241007876F3 /* SawoTestApp.app */,
				3AF107D125493245007876F3 /* SawoTestAppTests.xctest */,
				3AF107DC25493245007876F3 /* SawoTestAppUITests.xctest */,
			);
			name = Products;
			sourceTree = "<group>";
		};
		3AF107BD25493241007876F3 /* SawoTestApp */ = {
			isa = PBXGroup;
			children = (
				3AF107BE25493241007876F3 /* AppDelegate.swift */,
				3AF107C025493241007876F3 /* SceneDelegate.swift */,
				3AF107C225493241007876F3 /* ViewController.swift */,
				3AF107C425493241007876F3 /* Main.storyboard */,
				3AF107C725493244007876F3 /* Assets.xcassets */,
				3AF107C925493244007876F3 /* LaunchScreen.storyboard */,
				3AF107CC25493244007876F3 /* Info.plist */,
				3A8ACED225495545006EE502 /* FRAMEWORK.framework */,
			);
			path = SawoTestApp;
			sourceTree = "<group>";
		};
		3AF107D425493245007876F3 /* SawoTestAppTests */ = {
			isa = PBXGroup;
			children = (
				3AF107D525493245007876F3 /* SawoTestAppTests.swift */,
				3AF107D725493245007876F3 /* Info.plist */,
			);
			path = SawoTestAppTests;
			sourceTree = "<group>";
		};
		3AF107DF25493245007876F3 /* SawoTestAppUITests */ = {
			isa = PBXGroup;
			children = (
				3AF107E025493245007876F3 /* SawoTestAppUITests.swift */,
				3AF107E225493245007876F3 /* Info.plist */,
			);
			path = SawoTestAppUITests;
			sourceTree = "<group>";
		};
/* End PBXGroup section */

/* Begin PBXNativeTarget section */
		3AF107BA25493241007876F3 /* SawoTestApp */ = {
			isa = PBXNativeTarget;
			buildConfigurationList = 3AF107E525493245007876F3 /* Build configuration list for PBXNativeTarget "SawoTestApp" */;
			buildPhases = (
				3AF107B725493241007876F3 /* Sources */,
				3AF107B825493241007876F3 /* Frameworks */,
				3AF107B925493241007876F3 /* Resources */,
				3AF107FE254935C1007876F3 /* Embed Frameworks */,
			);
			buildRules = (
			);
			dependencies = (
			);
			name = SawoTestApp;
			productName = SawoTestApp;
			productReference = 3AF107BB25493241007876F3 /* SawoTestApp.app */;
			productType = "com.apple.product-type.application";
		};
		3AF107D025493245007876F3 /* SawoTestAppTests */ = {
			isa = PBXNativeTarget;
			buildConfigurationList = 3AF107E825493245007876F3 /* Build configuration list for PBXNativeTarget "SawoTestAppTests" */;
			buildPhases = (
				3AF107CD25493245007876F3 /* Sources */,
				3AF107CE25493245007876F3 /* Frameworks */,
				3AF107CF25493245007876F3 /* Resources */,
			);
			buildRules = (
			);
			dependencies = (
				3AF107D325493245007876F3 /* PBXTargetDependency */,
			);
			name = SawoTestAppTests;
			productName = SawoTestAppTests;
			productReference = 3AF107D125493245007876F3 /* SawoTestAppTests.xctest */;
			productType = "com.apple.product-type.bundle.unit-test";
		};
		3AF107DB25493245007876F3 /* SawoTestAppUITests */ = {
			isa = PBXNativeTarget;
			buildConfigurationList = 3AF107EB25493245007876F3 /* Build configuration list for PBXNativeTarget "SawoTestAppUITests" */;
			buildPhases = (
				3AF107D825493245007876F3 /* Sources */,
				3AF107D925493245007876F3 /* Frameworks */,
				3AF107DA25493245007876F3 /* Resources */,
			);
			buildRules = (
			);
			dependencies = (
				3AF107DE25493245007876F3 /* PBXTargetDependency */,
			);
			name = SawoTestAppUITests;
			productName = SawoTestAppUITests;
			productReference = 3AF107DC25493245007876F3 /* SawoTestAppUITests.xctest */;
			productType = "com.apple.product-type.bundle.ui-testing";
		};
/* End PBXNativeTarget section */

/* Begin PBXProject section */
		3AF107B325493241007876F3 /* Project object */ = {
			isa = PBXProject;
			attributes = {
				LastSwiftUpdateCheck = 1220;
				LastUpgradeCheck = 1220;
				TargetAttributes = {
					3AF107BA25493241007876F3 = {
						CreatedOnToolsVersion = 12.2;
					};
					3AF107D025493245007876F3 = {
						CreatedOnToolsVersion = 12.2;
						TestTargetID = 3AF107BA25493241007876F3;
					};
					3AF107DB25493245007876F3 = {
						CreatedOnToolsVersion = 12.2;
						TestTargetID = 3AF107BA25493241007876F3;
					};
				};
			};
			buildConfigurationList = 3AF107B625493241007876F3 /* Build configuration list for PBXProject "SawoTestApp" */;
			compatibilityVersion = "Xcode 9.3";
			developmentRegion = en;
			hasScannedForEncodings = 0;
			knownRegions = (
				en,
				Base,
			);
			mainGroup = 3AF107B225493241007876F3;
			productRefGroup = 3AF107BC25493241007876F3 /* Products */;
			projectDirPath = "";
			projectRoot = "";
			targets = (
				3AF107BA25493241007876F3 /* SawoTestApp */,
				3AF107D025493245007876F3 /* SawoTestAppTests */,
				3AF107DB25493245007876F3 /* SawoTestAppUITests */,
			);
		};
/* End PBXProject section */

/* Begin PBXResourcesBuildPhase section */
		3AF107B925493241007876F3 /* Resources */ = {
			isa = PBXResourcesBuildPhase;
			buildActionMask = 2147483647;
			files = (
				3AF107CB25493244007876F3 /* LaunchScreen.storyboard in Resources */,
				3AF107C825493244007876F3 /* Assets.xcassets in Resources */,
				3AF107C625493241007876F3 /* Main.storyboard in Resources */,
			);
			runOnlyForDeploymentPostprocessing = 0;
		};
		3AF107CF25493245007876F3 /* Resources */ = {
			isa = PBXResourcesBuildPhase;
			buildActionMask = 2147483647;
			files = (
			);
			runOnlyForDeploymentPostprocessing = 0;
		};
		3AF107DA25493245007876F3 /* Resources */ = {
			isa = PBXResourcesBuildPhase;
			buildActionMask = 2147483647;
			files = (
			);
			runOnlyForDeploymentPostprocessing = 0;
		};
/* End PBXResourcesBuildPhase section */

/* Begin PBXSourcesBuildPhase section */
		3AF107B725493241007876F3 /* Sources */ = {
			isa = PBXSourcesBuildPhase;
			buildActionMask = 2147483647;
			files = (
				3AF107C325493241007876F3 /* ViewController.swift in Sources */,
				3AF107BF25493241007876F3 /* AppDelegate.swift in Sources */,
				3AF107C125493241007876F3 /* SceneDelegate.swift in Sources */,
			);
			runOnlyForDeploymentPostprocessing = 0;
		};
		3AF107CD25493245007876F3 /* Sources */ = {
			isa = PBXSourcesBuildPhase;
			buildActionMask = 2147483647;
			files = (
				3AF107D625493245007876F3 /* SawoTestAppTests.swift in Sources */,
			);
			runOnlyForDeploymentPostprocessing = 0;
		};
		3AF107D825493245007876F3 /* Sources */ = {
			isa = PBXSourcesBuildPhase;
			buildActionMask = 2147483647;
			files = (
				3AF107E125493245007876F3 /* SawoTestAppUITests.swift in Sources */,
			);
			runOnlyForDeploymentPostprocessing = 0;
		};
/* End PBXSourcesBuildPhase section */

/* Begin PBXTargetDependency section */
		3AF107D325493245007876F3 /* PBXTargetDependency */ = {
			isa = PBXTargetDependency;
			target = 3AF107BA25493241007876F3 /* SawoTestApp */;
			targetProxy = 3AF107D225493245007876F3 /* PBXContainerItemProxy */;
		};
		3AF107DE25493245007876F3 /* PBXTargetDependency */ = {
			isa = PBXTargetDependency;
			target = 3AF107BA25493241007876F3 /* SawoTestApp */;
			targetProxy = 3AF107DD25493245007876F3 /* PBXContainerItemProxy */;
		};
/* End PBXTargetDependency section */

/* Begin PBXVariantGroup section */
		3AF107C425493241007876F3 /* Main.storyboard */ = {
			isa = PBXVariantGroup;
			children = (
				3AF107C525493241007876F3 /* Base */,
			);
			name = Main.storyboard;
			sourceTree = "<group>";
		};
		3AF107C925493244007876F3 /* LaunchScreen.storyboard */ = {
			isa = PBXVariantGroup;
			children = (
				3AF107CA25493244007876F3 /* Base */,
			);
			name = LaunchScreen.storyboard;
			sourceTree = "<group>";
		};
/* End PBXVariantGroup section */

/* Begin XCBuildConfiguration section */
		3AF107E325493245007876F3 /* Debug */ = {
			isa = XCBuildConfiguration;
			buildSettings = {
				ALWAYS_SEARCH_USER_PATHS = NO;
				CLANG_ANALYZER_NONNULL = YES;
				CLANG_ANALYZER_NUMBER_OBJECT_CONVERSION = YES_AGGRESSIVE;
				CLANG_CXX_LANGUAGE_STANDARD = "gnu++14";
				CLANG_CXX_LIBRARY = "libc++";
				CLANG_ENABLE_MODULES = YES;
				CLANG_ENABLE_OBJC_ARC = YES;
				CLANG_ENABLE_OBJC_WEAK = YES;
				CLANG_WARN_BLOCK_CAPTURE_AUTORELEASING = YES;
				CLANG_WARN_BOOL_CONVERSION = YES;
				CLANG_WARN_COMMA = YES;
				CLANG_WARN_CONSTANT_CONVERSION = YES;
				CLANG_WARN_DEPRECATED_OBJC_IMPLEMENTATIONS = YES;
				CLANG_WARN_DIRECT_OBJC_ISA_USAGE = YES_ERROR;
				CLANG_WARN_DOCUMENTATION_COMMENTS = YES;
				CLANG_WARN_EMPTY_BODY = YES;
				CLANG_WARN_ENUM_CONVERSION = YES;
				CLANG_WARN_INFINITE_RECURSION = YES;
				CLANG_WARN_INT_CONVERSION = YES;
				CLANG_WARN_NON_LITERAL_NULL_CONVERSION = YES;
				CLANG_WARN_OBJC_IMPLICIT_RETAIN_SELF = YES;
				CLANG_WARN_OBJC_LITERAL_CONVERSION = YES;
				CLANG_WARN_OBJC_ROOT_CLASS = YES_ERROR;
				CLANG_WARN_QUOTED_INCLUDE_IN_FRAMEWORK_HEADER = YES;
				CLANG_WARN_RANGE_LOOP_ANALYSIS = YES;
				CLANG_WARN_STRICT_PROTOTYPES = YES;
				CLANG_WARN_SUSPICIOUS_MOVE = YES;
				CLANG_WARN_UNGUARDED_AVAILABILITY = YES_AGGRESSIVE;
				CLANG_WARN_UNREACHABLE_CODE = YES;
				CLANG_WARN__DUPLICATE_METHOD_MATCH = YES;
				COPY_PHASE_STRIP = NO;
				DEBUG_INFORMATION_FORMAT = dwarf;
				ENABLE_STRICT_OBJC_MSGSEND = YES;
				ENABLE_TESTABILITY = YES;
				GCC_C_LANGUAGE_STANDARD = gnu11;
				GCC_DYNAMIC_NO_PIC = NO;
				GCC_NO_COMMON_BLOCKS = YES;
				GCC_OPTIMIZATION_LEVEL = 0;
				GCC_PREPROCESSOR_DEFINITIONS = (
					"DEBUG=1",
					"$(inherited)",
				);
				GCC_WARN_64_TO_32_BIT_CONVERSION = YES;
				GCC_WARN_ABOUT_RETURN_TYPE = YES_ERROR;
				GCC_WARN_UNDECLARED_SELECTOR = YES;
				GCC_WARN_UNINITIALIZED_AUTOS = YES_AGGRESSIVE;
				GCC_WARN_UNUSED_FUNCTION = YES;
				GCC_WARN_UNUSED_VARIABLE = YES;
				IPHONEOS_DEPLOYMENT_TARGET = 13.6;
				MTL_ENABLE_DEBUG_INFO = INCLUDE_SOURCE;
				MTL_FAST_MATH = YES;
				ONLY_ACTIVE_ARCH = YES;
				SDKROOT = iphoneos;
				SWIFT_ACTIVE_COMPILATION_CONDITIONS = DEBUG;
				SWIFT_OPTIMIZATION_LEVEL = "-Onone";
			};
			name = Debug;
		};
		3AF107E425493245007876F3 /* Release */ = {
			isa = XCBuildConfiguration;
			buildSettings = {
				ALWAYS_SEARCH_USER_PATHS = NO;
				CLANG_ANALYZER_NONNULL = YES;
				CLANG_ANALYZER_NUMBER_OBJECT_CONVERSION = YES_AGGRESSIVE;
				CLANG_CXX_LANGUAGE_STANDARD = "gnu++14";
				CLANG_CXX_LIBRARY = "libc++";
				CLANG_ENABLE_MODULES = YES;
				CLANG_ENABLE_OBJC_ARC = YES;
				CLANG_ENABLE_OBJC_WEAK = YES;
				CLANG_WARN_BLOCK_CAPTURE_AUTORELEASING = YES;
				CLANG_WARN_BOOL_CONVERSION = YES;
				CLANG_WARN_COMMA = YES;
				CLANG_WARN_CONSTANT_CONVERSION = YES;
				CLANG_WARN_DEPRECATED_OBJC_IMPLEMENTATIONS = YES;
				CLANG_WARN_DIRECT_OBJC_ISA_USAGE = YES_ERROR;
				CLANG_WARN_DOCUMENTATION_COMMENTS = YES;
				CLANG_WARN_EMPTY_BODY = YES;
				CLANG_WARN_ENUM_CONVERSION = YES;
				CLANG_WARN_INFINITE_RECURSION = YES;
				CLANG_WARN_INT_CONVERSION = YES;
				CLANG_WARN_NON_LITERAL_NULL_CONVERSION = YES;
				CLANG_WARN_OBJC_IMPLICIT_RETAIN_SELF = YES;
				CLANG_WARN_OBJC_LITERAL_CONVERSION = YES;
				CLANG_WARN_OBJC_ROOT_CLASS = YES_ERROR;
				CLANG_WARN_QUOTED_INCLUDE_IN_FRAMEWORK_HEADER = YES;
				CLANG_WARN_RANGE_LOOP_ANALYSIS = YES;
				CLANG_WARN_STRICT_PROTOTYPES = YES;
				CLANG_WARN_SUSPICIOUS_MOVE = YES;
				CLANG_WARN_UNGUARDED_AVAILABILITY = YES_AGGRESSIVE;
				CLANG_WARN_UNREACHABLE_CODE = YES;
				CLANG_WARN__DUPLICATE_METHOD_MATCH = YES;
				COPY_PHASE_STRIP = NO;
				DEBUG_INFORMATION_FORMAT = "dwarf-with-dsym";
				ENABLE_NS_ASSERTIONS = NO;
				ENABLE_STRICT_OBJC_MSGSEND = YES;
				GCC_C_LANGUAGE_STANDARD = gnu11;
				GCC_NO_COMMON_BLOCKS = YES;
				GCC_WARN_64_TO_32_BIT_CONVERSION = YES;
				GCC_WARN_ABOUT_RETURN_TYPE = YES_ERROR;
				GCC_WARN_UNDECLARED_SELECTOR = YES;
				GCC_WARN_UNINITIALIZED_AUTOS = YES_AGGRESSIVE;
				GCC_WARN_UNUSED_FUNCTION = YES;
				GCC_WARN_UNUSED_VARIABLE = YES;
				IPHONEOS_DEPLOYMENT_TARGET = 13.6;
				MTL_ENABLE_DEBUG_INFO = NO;
				MTL_FAST_MATH = YES;
				SDKROOT = iphoneos;
				SWIFT_COMPILATION_MODE = wholemodule;
				SWIFT_OPTIMIZATION_LEVEL = "-O";
				VALIDATE_PRODUCT = YES;
			};
			name = Release;
		};
		3AF107E625493245007876F3 /* Debug */ = {
			isa = XCBuildConfiguration;
			buildSettings = {
				ASSETCATALOG_COMPILER_APPICON_NAME = AppIcon;
				ASSETCATALOG_COMPILER_GLOBAL_ACCENT_COLOR_NAME = AccentColor;
				CODE_SIGN_STYLE = Automatic;
				FRAMEWORK_SEARCH_PATHS = (
					"$(inherited)",
					"$(PROJECT_DIR)/SawoTestApp",
				);
				INFOPLIST_FILE = SawoTestApp/Info.plist;
				LD_RUNPATH_SEARCH_PATHS = (
					"$(inherited)",
					"@executable_path/Frameworks",
				);
				PRODUCT_BUNDLE_IDENTIFIER = sawo.SawoTestApp;
				PRODUCT_NAME = "$(TARGET_NAME)";
				SWIFT_VERSION = 5.0;
				TARGETED_DEVICE_FAMILY = "1,2";
			};
			name = Debug;
		};
		3AF107E725493245007876F3 /* Release */ = {
			isa = XCBuildConfiguration;
			buildSettings = {
				ASSETCATALOG_COMPILER_APPICON_NAME = AppIcon;
				ASSETCATALOG_COMPILER_GLOBAL_ACCENT_COLOR_NAME = AccentColor;
				CODE_SIGN_STYLE = Automatic;
				FRAMEWORK_SEARCH_PATHS = (
					"$(inherited)",
					"$(PROJECT_DIR)/SawoTestApp",
				);
				INFOPLIST_FILE = SawoTestApp/Info.plist;
				LD_RUNPATH_SEARCH_PATHS = (
					"$(inherited)",
					"@executable_path/Frameworks",
				);
				PRODUCT_BUNDLE_IDENTIFIER = sawo.SawoTestApp;
				PRODUCT_NAME = "$(TARGET_NAME)";
				SWIFT_VERSION = 5.0;
				TARGETED_DEVICE_FAMILY = "1,2";
			};
			name = Release;
		};
		3AF107E925493245007876F3 /* Debug */ = {
			isa = XCBuildConfiguration;
			buildSettings = {
				ALWAYS_EMBED_SWIFT_STANDARD_LIBRARIES = YES;
				BUNDLE_LOADER = "$(TEST_HOST)";
				CODE_SIGN_STYLE = Automatic;
				INFOPLIST_FILE = SawoTestAppTests/Info.plist;
				IPHONEOS_DEPLOYMENT_TARGET = 14.2;
				LD_RUNPATH_SEARCH_PATHS = (
					"$(inherited)",
					"@executable_path/Frameworks",
					"@loader_path/Frameworks",
				);
				PRODUCT_BUNDLE_IDENTIFIER = sawo.SawoTestAppTests;
				PRODUCT_NAME = "$(TARGET_NAME)";
				SWIFT_VERSION = 5.0;
				TARGETED_DEVICE_FAMILY = "1,2";
				TEST_HOST = "$(BUILT_PRODUCTS_DIR)/SawoTestApp.app/SawoTestApp";
			};
			name = Debug;
		};
		3AF107EA25493245007876F3 /* Release */ = {
			isa = XCBuildConfiguration;
			buildSettings = {
				ALWAYS_EMBED_SWIFT_STANDARD_LIBRARIES = YES;
				BUNDLE_LOADER = "$(TEST_HOST)";
				CODE_SIGN_STYLE = Automatic;
				INFOPLIST_FILE = SawoTestAppTests/Info.plist;
				IPHONEOS_DEPLOYMENT_TARGET = 14.2;
				LD_RUNPATH_SEARCH_PATHS = (
					"$(inherited)",
					"@executable_path/Frameworks",
					"@loader_path/Frameworks",
				);
				PRODUCT_BUNDLE_IDENTIFIER = sawo.SawoTestAppTests;
				PRODUCT_NAME = "$(TARGET_NAME)";
				SWIFT_VERSION = 5.0;
				TARGETED_DEVICE_FAMILY = "1,2";
				TEST_HOST = "$(BUILT_PRODUCTS_DIR)/SawoTestApp.app/SawoTestApp";
			};
			name = Release;
		};
		3AF107EC25493245007876F3 /* Debug */ = {
			isa = XCBuildConfiguration;
			buildSettings = {
				ALWAYS_EMBED_SWIFT_STANDARD_LIBRARIES = YES;
				CODE_SIGN_STYLE = Automatic;
				INFOPLIST_FILE = SawoTestAppUITests/Info.plist;
				LD_RUNPATH_SEARCH_PATHS = (
					"$(inherited)",
					"@executable_path/Frameworks",
					"@loader_path/Frameworks",
				);
				PRODUCT_BUNDLE_IDENTIFIER = sawo.SawoTestAppUITests;
				PRODUCT_NAME = "$(TARGET_NAME)";
				SWIFT_VERSION = 5.0;
				TARGETED_DEVICE_FAMILY = "1,2";
				TEST_TARGET_NAME = SawoTestApp;
			};
			name = Debug;
		};
		3AF107ED25493245007876F3 /* Release */ = {
			isa = XCBuildConfiguration;
			buildSettings = {
				ALWAYS_EMBED_SWIFT_STANDARD_LIBRARIES = YES;
				CODE_SIGN_STYLE = Automatic;
				INFOPLIST_FILE = SawoTestAppUITests/Info.plist;
				LD_RUNPATH_SEARCH_PATHS = (
					"$(inherited)",
					"@executable_path/Frameworks",
					"@loader_path/Frameworks",
				);
				PRODUCT_BUNDLE_IDENTIFIER = sawo.SawoTestAppUITests;
				PRODUCT_NAME = "$(TARGET_NAME)";
				SWIFT_VERSION = 5.0;
				TARGETED_DEVICE_FAMILY = "1,2";
				TEST_TARGET_NAME = SawoTestApp;
			};
			name = Release;
		};
/* End XCBuildConfiguration section */

/* Begin XCConfigurationList section */
		3AF107B625493241007876F3 /* Build configuration list for PBXProject "SawoTestApp" */ = {
			isa = XCConfigurationList;
			buildConfigurations = (
				3AF107E325493245007876F3 /* Debug */,
				3AF107E425493245007876F3 /* Release */,
			);
			defaultConfigurationIsVisible = 0;
			defaultConfigurationName = Release;
		};
		3AF107E525493245007876F3 /* Build configuration list for PBXNativeTarget "SawoTestApp" */ = {
			isa = XCConfigurationList;
			buildConfigurations = (
				3AF107E625493245007876F3 /* Debug */,
				3AF107E725493245007876F3 /* Release */,
			);
			defaultConfigurationIsVisible = 0;
			defaultConfigurationName = Release;
		};
		3AF107E825493245007876F3 /* Build configuration list for PBXNativeTarget "SawoTestAppTests" */ = {
			isa = XCConfigurationList;
			buildConfigurations = (
				3AF107E925493245007876F3 /* Debug */,
				3AF107EA25493245007876F3 /* Release */,
			);
			defaultConfigurationIsVisible = 0;
			defaultConfigurationName = Release;
		};
		3AF107EB25493245007876F3 /* Build configuration list for PBXNativeTarget "SawoTestAppUITests" */ = {
			isa = XCConfigurationList;
			buildConfigurations = (
				3AF107EC25493245007876F3 /* Debug */,
				3AF107ED25493245007876F3 /* Release */,
			);
			defaultConfigurationIsVisible = 0;
			defaultConfigurationName = Release;
		};
/* End XCConfigurationList section */
	};
	rootObject = 3AF107B325493241007876F3 /* Project object */;
}
