// !$*UTF8*$!
{
	archiveVersion = 1;
	classes = {
	};
	objectVersion = 50;
	objects = {

/* Begin PBXBuildFile section */
		3A4FDDEB252CB7E50020C5BC /* apiSawoFrame.framework in Frameworks */ = {isa = PBXBuildFile; fileRef = 3A4FDDE9252CB7DB0020C5BC /* apiSawoFrame.framework */; };
		3A4FDDEC252CB7E50020C5BC /* apiSawoFrame.framework in Embed Frameworks */ = {isa = PBXBuildFile; fileRef = 3A4FDDE9252CB7DB0020C5BC /* apiSawoFrame.framework */; settings = {ATTRIBUTES = (CodeSignOnCopy, RemoveHeadersOnCopy, ); }; };
		3A8F41AE252C4B2D009A22A7 /* AppDelegate.swift in Sources */ = {isa = PBXBuildFile; fileRef = 3A8F41AD252C4B2D009A22A7 /* AppDelegate.swift */; };
		3A8F41B0252C4B2D009A22A7 /* SceneDelegate.swift in Sources */ = {isa = PBXBuildFile; fileRef = 3A8F41AF252C4B2D009A22A7 /* SceneDelegate.swift */; };
		3A8F41B2252C4B2D009A22A7 /* ViewController.swift in Sources */ = {isa = PBXBuildFile; fileRef = 3A8F41B1252C4B2D009A22A7 /* ViewController.swift */; };
		3A8F41B5252C4B2D009A22A7 /* Main.storyboard in Resources */ = {isa = PBXBuildFile; fileRef = 3A8F41B3252C4B2D009A22A7 /* Main.storyboard */; };
		3A8F41B7252C4B32009A22A7 /* Assets.xcassets in Resources */ = {isa = PBXBuildFile; fileRef = 3A8F41B6252C4B32009A22A7 /* Assets.xcassets */; };
		3A8F41BA252C4B32009A22A7 /* LaunchScreen.storyboard in Resources */ = {isa = PBXBuildFile; fileRef = 3A8F41B8252C4B32009A22A7 /* LaunchScreen.storyboard */; };
/* End PBXBuildFile section */

/* Begin PBXCopyFilesBuildPhase section */
		3A8F41C5252C4D24009A22A7 /* Embed Frameworks */ = {
			isa = PBXCopyFilesBuildPhase;
			buildActionMask = 2147483647;
			dstPath = "";
			dstSubfolderSpec = 10;
			files = (
				3A4FDDEC252CB7E50020C5BC /* apiSawoFrame.framework in Embed Frameworks */,
			);
			name = "Embed Frameworks";
			runOnlyForDeploymentPostprocessing = 0;
		};
/* End PBXCopyFilesBuildPhase section */

/* Begin PBXFileReference section */
		3A4FDDE9252CB7DB0020C5BC /* apiSawoFrame.framework */ = {isa = PBXFileReference; lastKnownFileType = wrapper.framework; name = apiSawoFrame.framework; path = "../../Library/Developer/Xcode/DerivedData/apiSawoFrame-hgjhrlnspnczpkexubteyefqxqsu/Build/Products/Debug-iphonesimulator/apiSawoFrame.framework"; sourceTree = "<group>"; };
		3A8F41AA252C4B2D009A22A7 /* NewSawo.app */ = {isa = PBXFileReference; explicitFileType = wrapper.application; includeInIndex = 0; path = NewSawo.app; sourceTree = BUILT_PRODUCTS_DIR; };
		3A8F41AD252C4B2D009A22A7 /* AppDelegate.swift */ = {isa = PBXFileReference; lastKnownFileType = sourcecode.swift; path = AppDelegate.swift; sourceTree = "<group>"; };
		3A8F41AF252C4B2D009A22A7 /* SceneDelegate.swift */ = {isa = PBXFileReference; lastKnownFileType = sourcecode.swift; path = SceneDelegate.swift; sourceTree = "<group>"; };
		3A8F41B1252C4B2D009A22A7 /* ViewController.swift */ = {isa = PBXFileReference; lastKnownFileType = sourcecode.swift; path = ViewController.swift; sourceTree = "<group>"; };
		3A8F41B4252C4B2D009A22A7 /* Base */ = {isa = PBXFileReference; lastKnownFileType = file.storyboard; name = Base; path = Base.lproj/Main.storyboard; sourceTree = "<group>"; };
		3A8F41B6252C4B32009A22A7 /* Assets.xcassets */ = {isa = PBXFileReference; lastKnownFileType = folder.assetcatalog; path = Assets.xcassets; sourceTree = "<group>"; };
		3A8F41B9252C4B32009A22A7 /* Base */ = {isa = PBXFileReference; lastKnownFileType = file.storyboard; name = Base; path = Base.lproj/LaunchScreen.storyboard; sourceTree = "<group>"; };
		3A8F41BB252C4B32009A22A7 /* Info.plist */ = {isa = PBXFileReference; lastKnownFileType = text.plist.xml; path = Info.plist; sourceTree = "<group>"; };
/* End PBXFileReference section */

/* Begin PBXFrameworksBuildPhase section */
		3A8F41A7252C4B2D009A22A7 /* Frameworks */ = {
			isa = PBXFrameworksBuildPhase;
			buildActionMask = 2147483647;
			files = (
				3A4FDDEB252CB7E50020C5BC /* apiSawoFrame.framework in Frameworks */,
			);
			runOnlyForDeploymentPostprocessing = 0;
		};
/* End PBXFrameworksBuildPhase section */

/* Begin PBXGroup section */
		3A8F41A1252C4B2C009A22A7 = {
			isa = PBXGroup;
			children = (
				3A8F41AC252C4B2D009A22A7 /* NewSawo */,
				3A8F41AB252C4B2D009A22A7 /* Products */,
			);
			sourceTree = "<group>";
		};
		3A8F41AB252C4B2D009A22A7 /* Products */ = {
			isa = PBXGroup;
			children = (
				3A8F41AA252C4B2D009A22A7 /* NewSawo.app */,
			);
			name = Products;
			sourceTree = "<group>";
		};
		3A8F41AC252C4B2D009A22A7 /* NewSawo */ = {
			isa = PBXGroup;
			children = (
				3A8F41AD252C4B2D009A22A7 /* AppDelegate.swift */,
				3A8F41AF252C4B2D009A22A7 /* SceneDelegate.swift */,
				3A8F41B1252C4B2D009A22A7 /* ViewController.swift */,
				3A8F41B3252C4B2D009A22A7 /* Main.storyboard */,
				3A8F41B6252C4B32009A22A7 /* Assets.xcassets */,
				3A8F41B8252C4B32009A22A7 /* LaunchScreen.storyboard */,
				3A8F41BB252C4B32009A22A7 /* Info.plist */,
				3A4FDDE9252CB7DB0020C5BC /* apiSawoFrame.framework */,
			);
			path = NewSawo;
			sourceTree = "<group>";
		};
/* End PBXGroup section */

/* Begin PBXNativeTarget section */
		3A8F41A9252C4B2D009A22A7 /* NewSawo */ = {
			isa = PBXNativeTarget;
			buildConfigurationList = 3A8F41BE252C4B32009A22A7 /* Build configuration list for PBXNativeTarget "NewSawo" */;
			buildPhases = (
				3A8F41A6252C4B2D009A22A7 /* Sources */,
				3A8F41A7252C4B2D009A22A7 /* Frameworks */,
				3A8F41A8252C4B2D009A22A7 /* Resources */,
				3A8F41C5252C4D24009A22A7 /* Embed Frameworks */,
			);
			buildRules = (
			);
			dependencies = (
			);
			name = NewSawo;
			productName = NewSawo;
			productReference = 3A8F41AA252C4B2D009A22A7 /* NewSawo.app */;
			productType = "com.apple.product-type.application";
		};
/* End PBXNativeTarget section */

/* Begin PBXProject section */
		3A8F41A2252C4B2C009A22A7 /* Project object */ = {
			isa = PBXProject;
			attributes = {
				LastSwiftUpdateCheck = 1160;
				LastUpgradeCheck = 1160;
				ORGANIZATIONNAME = SAWO;
				TargetAttributes = {
					3A8F41A9252C4B2D009A22A7 = {
						CreatedOnToolsVersion = 11.6;
					};
				};
			};
			buildConfigurationList = 3A8F41A5252C4B2C009A22A7 /* Build configuration list for PBXProject "NewSawo" */;
			compatibilityVersion = "Xcode 9.3";
			developmentRegion = en;
			hasScannedForEncodings = 0;
			knownRegions = (
				en,
				Base,
			);
			mainGroup = 3A8F41A1252C4B2C009A22A7;
			productRefGroup = 3A8F41AB252C4B2D009A22A7 /* Products */;
			projectDirPath = "";
			projectRoot = "";
			targets = (
				3A8F41A9252C4B2D009A22A7 /* NewSawo */,
			);
		};
/* End PBXProject section */

/* Begin PBXResourcesBuildPhase section */
		3A8F41A8252C4B2D009A22A7 /* Resources */ = {
			isa = PBXResourcesBuildPhase;
			buildActionMask = 2147483647;
			files = (
				3A8F41BA252C4B32009A22A7 /* LaunchScreen.storyboard in Resources */,
				3A8F41B7252C4B32009A22A7 /* Assets.xcassets in Resources */,
				3A8F41B5252C4B2D009A22A7 /* Main.storyboard in Resources */,
			);
			runOnlyForDeploymentPostprocessing = 0;
		};
/* End PBXResourcesBuildPhase section */

/* Begin PBXSourcesBuildPhase section */
		3A8F41A6252C4B2D009A22A7 /* Sources */ = {
			isa = PBXSourcesBuildPhase;
			buildActionMask = 2147483647;
			files = (
				3A8F41B2252C4B2D009A22A7 /* ViewController.swift in Sources */,
				3A8F41AE252C4B2D009A22A7 /* AppDelegate.swift in Sources */,
				3A8F41B0252C4B2D009A22A7 /* SceneDelegate.swift in Sources */,
			);
			runOnlyForDeploymentPostprocessing = 0;
		};
/* End PBXSourcesBuildPhase section */

/* Begin PBXVariantGroup section */
		3A8F41B3252C4B2D009A22A7 /* Main.storyboard */ = {
			isa = PBXVariantGroup;
			children = (
				3A8F41B4252C4B2D009A22A7 /* Base */,
			);
			name = Main.storyboard;
			sourceTree = "<group>";
		};
		3A8F41B8252C4B32009A22A7 /* LaunchScreen.storyboard */ = {
			isa = PBXVariantGroup;
			children = (
				3A8F41B9252C4B32009A22A7 /* Base */,
			);
			name = LaunchScreen.storyboard;
			sourceTree = "<group>";
		};
/* End PBXVariantGroup section */

/* Begin XCBuildConfiguration section */
		3A8F41BC252C4B32009A22A7 /* Debug */ = {
			isa = XCBuildConfiguration;
			buildSettings = {
				ALWAYS_SEARCH_USER_PATHS = NO;
				CLANG_ANALYZER_NONNULL = YES;
				CLANG_ANALYZER_NUMBER_OBJECT_CONVERSION = YES_AGGRESSIVE;
				CLANG_CXX_LANGUAGE_STANDARD = "gnu++14";
				CLANG_CXX_LIBRARY = "libc++";
				CLANG_ENABLE_MODULES = YES;
				CLANG_ENABLE_OBJC_ARC = YES;
				CLANG_ENABLE_OBJC_WEAK = YES;
				CLANG_WARN_BLOCK_CAPTURE_AUTORELEASING = YES;
				CLANG_WARN_BOOL_CONVERSION = YES;
				CLANG_WARN_COMMA = YES;
				CLANG_WARN_CONSTANT_CONVERSION = YES;
				CLANG_WARN_DEPRECATED_OBJC_IMPLEMENTATIONS = YES;
				CLANG_WARN_DIRECT_OBJC_ISA_USAGE = YES_ERROR;
				CLANG_WARN_DOCUMENTATION_COMMENTS = YES;
				CLANG_WARN_EMPTY_BODY = YES;
				CLANG_WARN_ENUM_CONVERSION = YES;
				CLANG_WARN_INFINITE_RECURSION = YES;
				CLANG_WARN_INT_CONVERSION = YES;
				CLANG_WARN_NON_LITERAL_NULL_CONVERSION = YES;
				CLANG_WARN_OBJC_IMPLICIT_RETAIN_SELF = YES;
				CLANG_WARN_OBJC_LITERAL_CONVERSION = YES;
				CLANG_WARN_OBJC_ROOT_CLASS = YES_ERROR;
				CLANG_WARN_RANGE_LOOP_ANALYSIS = YES;
				CLANG_WARN_STRICT_PROTOTYPES = YES;
				CLANG_WARN_SUSPICIOUS_MOVE = YES;
				CLANG_WARN_UNGUARDED_AVAILABILITY = YES_AGGRESSIVE;
				CLANG_WARN_UNREACHABLE_CODE = YES;
				CLANG_WARN__DUPLICATE_METHOD_MATCH = YES;
				COPY_PHASE_STRIP = NO;
				DEBUG_INFORMATION_FORMAT = dwarf;
				ENABLE_STRICT_OBJC_MSGSEND = YES;
				ENABLE_TESTABILITY = YES;
				GCC_C_LANGUAGE_STANDARD = gnu11;
				GCC_DYNAMIC_NO_PIC = NO;
				GCC_NO_COMMON_BLOCKS = YES;
				GCC_OPTIMIZATION_LEVEL = 0;
				GCC_PREPROCESSOR_DEFINITIONS = (
					"DEBUG=1",
					"$(inherited)",
				);
				GCC_WARN_64_TO_32_BIT_CONVERSION = YES;
				GCC_WARN_ABOUT_RETURN_TYPE = YES_ERROR;
				GCC_WARN_UNDECLARED_SELECTOR = YES;
				GCC_WARN_UNINITIALIZED_AUTOS = YES_AGGRESSIVE;
				GCC_WARN_UNUSED_FUNCTION = YES;
				GCC_WARN_UNUSED_VARIABLE = YES;
				IPHONEOS_DEPLOYMENT_TARGET = 13.6;
				MTL_ENABLE_DEBUG_INFO = INCLUDE_SOURCE;
				MTL_FAST_MATH = YES;
				ONLY_ACTIVE_ARCH = YES;
				SDKROOT = iphoneos;
				SWIFT_ACTIVE_COMPILATION_CONDITIONS = DEBUG;
				SWIFT_OPTIMIZATION_LEVEL = "-Onone";
			};
			name = Debug;
		};
		3A8F41BD252C4B32009A22A7 /* Release */ = {
			isa = XCBuildConfiguration;
			buildSettings = {
				ALWAYS_SEARCH_USER_PATHS = NO;
				CLANG_ANALYZER_NONNULL = YES;
				CLANG_ANALYZER_NUMBER_OBJECT_CONVERSION = YES_AGGRESSIVE;
				CLANG_CXX_LANGUAGE_STANDARD = "gnu++14";
				CLANG_CXX_LIBRARY = "libc++";
				CLANG_ENABLE_MODULES = YES;
				CLANG_ENABLE_OBJC_ARC = YES;
				CLANG_ENABLE_OBJC_WEAK = YES;
				CLANG_WARN_BLOCK_CAPTURE_AUTORELEASING = YES;
				CLANG_WARN_BOOL_CONVERSION = YES;
				CLANG_WARN_COMMA = YES;
				CLANG_WARN_CONSTANT_CONVERSION = YES;
				CLANG_WARN_DEPRECATED_OBJC_IMPLEMENTATIONS = YES;
				CLANG_WARN_DIRECT_OBJC_ISA_USAGE = YES_ERROR;
				CLANG_WARN_DOCUMENTATION_COMMENTS = YES;
				CLANG_WARN_EMPTY_BODY = YES;
				CLANG_WARN_ENUM_CONVERSION = YES;
				CLANG_WARN_INFINITE_RECURSION = YES;
				CLANG_WARN_INT_CONVERSION = YES;
				CLANG_WARN_NON_LITERAL_NULL_CONVERSION = YES;
				CLANG_WARN_OBJC_IMPLICIT_RETAIN_SELF = YES;
				CLANG_WARN_OBJC_LITERAL_CONVERSION = YES;
				CLANG_WARN_OBJC_ROOT_CLASS = YES_ERROR;
				CLANG_WARN_RANGE_LOOP_ANALYSIS = YES;
				CLANG_WARN_STRICT_PROTOTYPES = YES;
				CLANG_WARN_SUSPICIOUS_MOVE = YES;
				CLANG_WARN_UNGUARDED_AVAILABILITY = YES_AGGRESSIVE;
				CLANG_WARN_UNREACHABLE_CODE = YES;
				CLANG_WARN__DUPLICATE_METHOD_MATCH = YES;
				COPY_PHASE_STRIP = NO;
				DEBUG_INFORMATION_FORMAT = "dwarf-with-dsym";
				ENABLE_NS_ASSERTIONS = NO;
				ENABLE_STRICT_OBJC_MSGSEND = YES;
				GCC_C_LANGUAGE_STANDARD = gnu11;
				GCC_NO_COMMON_BLOCKS = YES;
				GCC_WARN_64_TO_32_BIT_CONVERSION = YES;
				GCC_WARN_ABOUT_RETURN_TYPE = YES_ERROR;
				GCC_WARN_UNDECLARED_SELECTOR = YES;
				GCC_WARN_UNINITIALIZED_AUTOS = YES_AGGRESSIVE;
				GCC_WARN_UNUSED_FUNCTION = YES;
				GCC_WARN_UNUSED_VARIABLE = YES;
				IPHONEOS_DEPLOYMENT_TARGET = 13.6;
				MTL_ENABLE_DEBUG_INFO = NO;
				MTL_FAST_MATH = YES;
				SDKROOT = iphoneos;
				SWIFT_COMPILATION_MODE = wholemodule;
				SWIFT_OPTIMIZATION_LEVEL = "-O";
				VALIDATE_PRODUCT = YES;
			};
			name = Release;
		};
		3A8F41BF252C4B32009A22A7 /* Debug */ = {
			isa = XCBuildConfiguration;
			buildSettings = {
				ASSETCATALOG_COMPILER_APPICON_NAME = AppIcon;
				CODE_SIGN_STYLE = Automatic;
				DEVELOPMENT_TEAM = 88K62PKM46;
				FRAMEWORK_SEARCH_PATHS = (
					"$(inherited)",
					"$(PROJECT_DIR)/NewSawo",
				);
				INFOPLIST_FILE = NewSawo/Info.plist;
				LD_RUNPATH_SEARCH_PATHS = (
					"$(inherited)",
					"@executable_path/Frameworks",
				);
				PRODUCT_BUNDLE_IDENTIFIER = rhytthm.NewSawo;
				PRODUCT_NAME = "$(TARGET_NAME)";
				SWIFT_VERSION = 5.0;
				TARGETED_DEVICE_FAMILY = "1,2";
			};
			name = Debug;
		};
		3A8F41C0252C4B32009A22A7 /* Release */ = {
			isa = XCBuildConfiguration;
			buildSettings = {
				ASSETCATALOG_COMPILER_APPICON_NAME = AppIcon;
				CODE_SIGN_STYLE = Automatic;
				DEVELOPMENT_TEAM = 88K62PKM46;
				FRAMEWORK_SEARCH_PATHS = (
					"$(inherited)",
					"$(PROJECT_DIR)/NewSawo",
				);
				INFOPLIST_FILE = NewSawo/Info.plist;
				LD_RUNPATH_SEARCH_PATHS = (
					"$(inherited)",
					"@executable_path/Frameworks",
				);
				PRODUCT_BUNDLE_IDENTIFIER = rhytthm.NewSawo;
				PRODUCT_NAME = "$(TARGET_NAME)";
				SWIFT_VERSION = 5.0;
				TARGETED_DEVICE_FAMILY = "1,2";
			};
			name = Release;
		};
/* End XCBuildConfiguration section */

/* Begin XCConfigurationList section */
		3A8F41A5252C4B2C009A22A7 /* Build configuration list for PBXProject "NewSawo" */ = {
			isa = XCConfigurationList;
			buildConfigurations = (
				3A8F41BC252C4B32009A22A7 /* Debug */,
				3A8F41BD252C4B32009A22A7 /* Release */,
			);
			defaultConfigurationIsVisible = 0;
			defaultConfigurationName = Release;
		};
		3A8F41BE252C4B32009A22A7 /* Build configuration list for PBXNativeTarget "NewSawo" */ = {
			isa = XCConfigurationList;
			buildConfigurations = (
				3A8F41BF252C4B32009A22A7 /* Debug */,
				3A8F41C0252C4B32009A22A7 /* Release */,
			);
			defaultConfigurationIsVisible = 0;
			defaultConfigurationName = Release;
		};
/* End XCConfigurationList section */
	};
	rootObject = 3A8F41A2252C4B2C009A22A7 /* Project object */;
}
